// !$*UTF8*$!
{
	archiveVersion = 1;
	classes = {
	};
	objectVersion = 50;
	objects = {

/* Begin PBXBuildFile section */
		057E0D762410F2D100581C48 /* AppDelegate.swift in Sources */ = {isa = PBXBuildFile; fileRef = 057E0D752410F2D100581C48 /* AppDelegate.swift */; };
		057E0D782410F2D100581C48 /* SceneDelegate.swift in Sources */ = {isa = PBXBuildFile; fileRef = 057E0D772410F2D100581C48 /* SceneDelegate.swift */; };
		057E0D7A2410F2D100581C48 /* ViewController.swift in Sources */ = {isa = PBXBuildFile; fileRef = 057E0D792410F2D100581C48 /* ViewController.swift */; };
		057E0D7D2410F2D100581C48 /* Main.storyboard in Resources */ = {isa = PBXBuildFile; fileRef = 057E0D7B2410F2D100581C48 /* Main.storyboard */; };
		057E0D7F2410F2D500581C48 /* Assets.xcassets in Resources */ = {isa = PBXBuildFile; fileRef = 057E0D7E2410F2D500581C48 /* Assets.xcassets */; };
		057E0D822410F2D500581C48 /* LaunchScreen.storyboard in Resources */ = {isa = PBXBuildFile; fileRef = 057E0D802410F2D500581C48 /* LaunchScreen.storyboard */; };
		057E0D8D2410F2D500581C48 /* LandmarkTests.swift in Sources */ = {isa = PBXBuildFile; fileRef = 057E0D8C2410F2D500581C48 /* LandmarkTests.swift */; };
		057E0D982410F2D500581C48 /* LandmarkUITests.swift in Sources */ = {isa = PBXBuildFile; fileRef = 057E0D972410F2D500581C48 /* LandmarkUITests.swift */; };
/* End PBXBuildFile section */

/* Begin PBXContainerItemProxy section */
		057E0D892410F2D500581C48 /* PBXContainerItemProxy */ = {
			isa = PBXContainerItemProxy;
			containerPortal = 057E0D6A2410F2D100581C48 /* Project object */;
			proxyType = 1;
			remoteGlobalIDString = 057E0D712410F2D100581C48;
			remoteInfo = Landmark;
		};
		057E0D942410F2D500581C48 /* PBXContainerItemProxy */ = {
			isa = PBXContainerItemProxy;
			containerPortal = 057E0D6A2410F2D100581C48 /* Project object */;
			proxyType = 1;
			remoteGlobalIDString = 057E0D712410F2D100581C48;
			remoteInfo = Landmark;
		};
/* End PBXContainerItemProxy section */

/* Begin PBXFileReference section */
		057E0D722410F2D100581C48 /* Landmark.app */ = {isa = PBXFileReference; explicitFileType = wrapper.application; includeInIndex = 0; path = Landmark.app; sourceTree = BUILT_PRODUCTS_DIR; };
		057E0D752410F2D100581C48 /* AppDelegate.swift */ = {isa = PBXFileReference; lastKnownFileType = sourcecode.swift; path = AppDelegate.swift; sourceTree = "<group>"; };
		057E0D772410F2D100581C48 /* SceneDelegate.swift */ = {isa = PBXFileReference; lastKnownFileType = sourcecode.swift; path = SceneDelegate.swift; sourceTree = "<group>"; };
		057E0D792410F2D100581C48 /* ViewController.swift */ = {isa = PBXFileReference; lastKnownFileType = sourcecode.swift; path = ViewController.swift; sourceTree = "<group>"; };
		057E0D7C2410F2D100581C48 /* Base */ = {isa = PBXFileReference; lastKnownFileType = file.storyboard; name = Base; path = Base.lproj/Main.storyboard; sourceTree = "<group>"; };
		057E0D7E2410F2D500581C48 /* Assets.xcassets */ = {isa = PBXFileReference; lastKnownFileType = folder.assetcatalog; path = Assets.xcassets; sourceTree = "<group>"; };
		057E0D812410F2D500581C48 /* Base */ = {isa = PBXFileReference; lastKnownFileType = file.storyboard; name = Base; path = Base.lproj/LaunchScreen.storyboard; sourceTree = "<group>"; };
		057E0D832410F2D500581C48 /* Info.plist */ = {isa = PBXFileReference; lastKnownFileType = text.plist.xml; path = Info.plist; sourceTree = "<group>"; };
		057E0D882410F2D500581C48 /* LandmarkTests.xctest */ = {isa = PBXFileReference; explicitFileType = wrapper.cfbundle; includeInIndex = 0; path = LandmarkTests.xctest; sourceTree = BUILT_PRODUCTS_DIR; };
		057E0D8C2410F2D500581C48 /* LandmarkTests.swift */ = {isa = PBXFileReference; lastKnownFileType = sourcecode.swift; path = LandmarkTests.swift; sourceTree = "<group>"; };
		057E0D8E2410F2D500581C48 /* Info.plist */ = {isa = PBXFileReference; lastKnownFileType = text.plist.xml; path = Info.plist; sourceTree = "<group>"; };
		057E0D932410F2D500581C48 /* LandmarkUITests.xctest */ = {isa = PBXFileReference; explicitFileType = wrapper.cfbundle; includeInIndex = 0; path = LandmarkUITests.xctest; sourceTree = BUILT_PRODUCTS_DIR; };
		057E0D972410F2D500581C48 /* LandmarkUITests.swift */ = {isa = PBXFileReference; lastKnownFileType = sourcecode.swift; path = LandmarkUITests.swift; sourceTree = "<group>"; };
		057E0D992410F2D500581C48 /* Info.plist */ = {isa = PBXFileReference; lastKnownFileType = text.plist.xml; path = Info.plist; sourceTree = "<group>"; };
/* End PBXFileReference section */

/* Begin PBXFrameworksBuildPhase section */
		057E0D6F2410F2D100581C48 /* Frameworks */ = {
			isa = PBXFrameworksBuildPhase;
			buildActionMask = 2147483647;
			files = (
			);
			runOnlyForDeploymentPostprocessing = 0;
		};
		057E0D852410F2D500581C48 /* Frameworks */ = {
			isa = PBXFrameworksBuildPhase;
			buildActionMask = 2147483647;
			files = (
			);
			runOnlyForDeploymentPostprocessing = 0;
		};
		057E0D902410F2D500581C48 /* Frameworks */ = {
			isa = PBXFrameworksBuildPhase;
			buildActionMask = 2147483647;
			files = (
			);
			runOnlyForDeploymentPostprocessing = 0;
		};
/* End PBXFrameworksBuildPhase section */

/* Begin PBXGroup section */
		057E0D692410F2D100581C48 = {
			isa = PBXGroup;
			children = (
				057E0D742410F2D100581C48 /* Landmark */,
				057E0D8B2410F2D500581C48 /* LandmarkTests */,
				057E0D962410F2D500581C48 /* LandmarkUITests */,
				057E0D732410F2D100581C48 /* Products */,
			);
			sourceTree = "<group>";
		};
		057E0D732410F2D100581C48 /* Products */ = {
			isa = PBXGroup;
			children = (
				057E0D722410F2D100581C48 /* Landmark.app */,
				057E0D882410F2D500581C48 /* LandmarkTests.xctest */,
				057E0D932410F2D500581C48 /* LandmarkUITests.xctest */,
			);
			name = Products;
			sourceTree = "<group>";
		};
		057E0D742410F2D100581C48 /* Landmark */ = {
			isa = PBXGroup;
			children = (
				057E0D752410F2D100581C48 /* AppDelegate.swift */,
				057E0D772410F2D100581C48 /* SceneDelegate.swift */,
				057E0D792410F2D100581C48 /* ViewController.swift */,
				057E0D7B2410F2D100581C48 /* Main.storyboard */,
				057E0D7E2410F2D500581C48 /* Assets.xcassets */,
				057E0D802410F2D500581C48 /* LaunchScreen.storyboard */,
				057E0D832410F2D500581C48 /* Info.plist */,
			);
			path = Landmark;
			sourceTree = "<group>";
		};
		057E0D8B2410F2D500581C48 /* LandmarkTests */ = {
			isa = PBXGroup;
			children = (
				057E0D8C2410F2D500581C48 /* LandmarkTests.swift */,
				057E0D8E2410F2D500581C48 /* Info.plist */,
			);
			path = LandmarkTests;
			sourceTree = "<group>";
		};
		057E0D962410F2D500581C48 /* LandmarkUITests */ = {
			isa = PBXGroup;
			children = (
				057E0D972410F2D500581C48 /* LandmarkUITests.swift */,
				057E0D992410F2D500581C48 /* Info.plist */,
			);
			path = LandmarkUITests;
			sourceTree = "<group>";
		};
/* End PBXGroup section */

/* Begin PBXNativeTarget section */
		057E0D712410F2D100581C48 /* Landmark */ = {
			isa = PBXNativeTarget;
			buildConfigurationList = 057E0D9C2410F2D500581C48 /* Build configuration list for PBXNativeTarget "Landmark" */;
			buildPhases = (
				057E0D6E2410F2D100581C48 /* Sources */,
				057E0D6F2410F2D100581C48 /* Frameworks */,
				057E0D702410F2D100581C48 /* Resources */,
			);
			buildRules = (
			);
			dependencies = (
			);
			name = Landmark;
			productName = Landmark;
			productReference = 057E0D722410F2D100581C48 /* Landmark.app */;
			productType = "com.apple.product-type.application";
		};
		057E0D872410F2D500581C48 /* LandmarkTests */ = {
			isa = PBXNativeTarget;
			buildConfigurationList = 057E0D9F2410F2D500581C48 /* Build configuration list for PBXNativeTarget "LandmarkTests" */;
			buildPhases = (
				057E0D842410F2D500581C48 /* Sources */,
				057E0D852410F2D500581C48 /* Frameworks */,
				057E0D862410F2D500581C48 /* Resources */,
			);
			buildRules = (
			);
			dependencies = (
				057E0D8A2410F2D500581C48 /* PBXTargetDependency */,
			);
			name = LandmarkTests;
			productName = LandmarkTests;
			productReference = 057E0D882410F2D500581C48 /* LandmarkTests.xctest */;
			productType = "com.apple.product-type.bundle.unit-test";
		};
		057E0D922410F2D500581C48 /* LandmarkUITests */ = {
			isa = PBXNativeTarget;
			buildConfigurationList = 057E0DA22410F2D500581C48 /* Build configuration list for PBXNativeTarget "LandmarkUITests" */;
			buildPhases = (
				057E0D8F2410F2D500581C48 /* Sources */,
				057E0D902410F2D500581C48 /* Frameworks */,
				057E0D912410F2D500581C48 /* Resources */,
			);
			buildRules = (
			);
			dependencies = (
				057E0D952410F2D500581C48 /* PBXTargetDependency */,
			);
			name = LandmarkUITests;
			productName = LandmarkUITests;
			productReference = 057E0D932410F2D500581C48 /* LandmarkUITests.xctest */;
			productType = "com.apple.product-type.bundle.ui-testing";
		};
/* End PBXNativeTarget section */

/* Begin PBXProject section */
		057E0D6A2410F2D100581C48 /* Project object */ = {
			isa = PBXProject;
			attributes = {
				LastSwiftUpdateCheck = 1130;
				LastUpgradeCheck = 1130;
				ORGANIZATIONNAME = "lucky lukmanul";
				TargetAttributes = {
					057E0D712410F2D100581C48 = {
						CreatedOnToolsVersion = 11.3;
					};
					057E0D872410F2D500581C48 = {
						CreatedOnToolsVersion = 11.3;
						TestTargetID = 057E0D712410F2D100581C48;
					};
					057E0D922410F2D500581C48 = {
						CreatedOnToolsVersion = 11.3;
						TestTargetID = 057E0D712410F2D100581C48;
					};
				};
			};
			buildConfigurationList = 057E0D6D2410F2D100581C48 /* Build configuration list for PBXProject "Landmark" */;
			compatibilityVersion = "Xcode 9.3";
			developmentRegion = en;
			hasScannedForEncodings = 0;
			knownRegions = (
				en,
				Base,
			);
			mainGroup = 057E0D692410F2D100581C48;
			productRefGroup = 057E0D732410F2D100581C48 /* Products */;
			projectDirPath = "";
			projectRoot = "";
			targets = (
				057E0D712410F2D100581C48 /* Landmark */,
				057E0D872410F2D500581C48 /* LandmarkTests */,
				057E0D922410F2D500581C48 /* LandmarkUITests */,
			);
		};
/* End PBXProject section */

/* Begin PBXResourcesBuildPhase section */
		057E0D702410F2D100581C48 /* Resources */ = {
			isa = PBXResourcesBuildPhase;
			buildActionMask = 2147483647;
			files = (
				057E0D822410F2D500581C48 /* LaunchScreen.storyboard in Resources */,
				057E0D7F2410F2D500581C48 /* Assets.xcassets in Resources */,
				057E0D7D2410F2D100581C48 /* Main.storyboard in Resources */,
			);
			runOnlyForDeploymentPostprocessing = 0;
		};
		057E0D862410F2D500581C48 /* Resources */ = {
			isa = PBXResourcesBuildPhase;
			buildActionMask = 2147483647;
			files = (
			);
			runOnlyForDeploymentPostprocessing = 0;
		};
		057E0D912410F2D500581C48 /* Resources */ = {
			isa = PBXResourcesBuildPhase;
			buildActionMask = 2147483647;
			files = (
			);
			runOnlyForDeploymentPostprocessing = 0;
		};
/* End PBXResourcesBuildPhase section */

/* Begin PBXSourcesBuildPhase section */
		057E0D6E2410F2D100581C48 /* Sources */ = {
			isa = PBXSourcesBuildPhase;
			buildActionMask = 2147483647;
			files = (
				057E0D7A2410F2D100581C48 /* ViewController.swift in Sources */,
				057E0D762410F2D100581C48 /* AppDelegate.swift in Sources */,
				057E0D782410F2D100581C48 /* SceneDelegate.swift in Sources */,
			);
			runOnlyForDeploymentPostprocessing = 0;
		};
		057E0D842410F2D500581C48 /* Sources */ = {
			isa = PBXSourcesBuildPhase;
			buildActionMask = 2147483647;
			files = (
				057E0D8D2410F2D500581C48 /* LandmarkTests.swift in Sources */,
			);
			runOnlyForDeploymentPostprocessing = 0;
		};
		057E0D8F2410F2D500581C48 /* Sources */ = {
			isa = PBXSourcesBuildPhase;
			buildActionMask = 2147483647;
			files = (
				057E0D982410F2D500581C48 /* LandmarkUITests.swift in Sources */,
			);
			runOnlyForDeploymentPostprocessing = 0;
		};
/* End PBXSourcesBuildPhase section */

/* Begin PBXTargetDependency section */
		057E0D8A2410F2D500581C48 /* PBXTargetDependency */ = {
			isa = PBXTargetDependency;
			target = 057E0D712410F2D100581C48 /* Landmark */;
			targetProxy = 057E0D892410F2D500581C48 /* PBXContainerItemProxy */;
		};
		057E0D952410F2D500581C48 /* PBXTargetDependency */ = {
			isa = PBXTargetDependency;
			target = 057E0D712410F2D100581C48 /* Landmark */;
			targetProxy = 057E0D942410F2D500581C48 /* PBXContainerItemProxy */;
		};
/* End PBXTargetDependency section */

/* Begin PBXVariantGroup section */
		057E0D7B2410F2D100581C48 /* Main.storyboard */ = {
			isa = PBXVariantGroup;
			children = (
				057E0D7C2410F2D100581C48 /* Base */,
			);
			name = Main.storyboard;
			sourceTree = "<group>";
		};
		057E0D802410F2D500581C48 /* LaunchScreen.storyboard */ = {
			isa = PBXVariantGroup;
			children = (
				057E0D812410F2D500581C48 /* Base */,
			);
			name = LaunchScreen.storyboard;
			sourceTree = "<group>";
		};
/* End PBXVariantGroup section */

/* Begin XCBuildConfiguration section */
		057E0D9A2410F2D500581C48 /* Debug */ = {
			isa = XCBuildConfiguration;
			buildSettings = {
				ALWAYS_SEARCH_USER_PATHS = NO;
				CLANG_ANALYZER_NONNULL = YES;
				CLANG_ANALYZER_NUMBER_OBJECT_CONVERSION = YES_AGGRESSIVE;
				CLANG_CXX_LANGUAGE_STANDARD = "gnu++14";
				CLANG_CXX_LIBRARY = "libc++";
				CLANG_ENABLE_MODULES = YES;
				CLANG_ENABLE_OBJC_ARC = YES;
				CLANG_ENABLE_OBJC_WEAK = YES;
				CLANG_WARN_BLOCK_CAPTURE_AUTORELEASING = YES;
				CLANG_WARN_BOOL_CONVERSION = YES;
				CLANG_WARN_COMMA = YES;
				CLANG_WARN_CONSTANT_CONVERSION = YES;
				CLANG_WARN_DEPRECATED_OBJC_IMPLEMENTATIONS = YES;
				CLANG_WARN_DIRECT_OBJC_ISA_USAGE = YES_ERROR;
				CLANG_WARN_DOCUMENTATION_COMMENTS = YES;
				CLANG_WARN_EMPTY_BODY = YES;
				CLANG_WARN_ENUM_CONVERSION = YES;
				CLANG_WARN_INFINITE_RECURSION = YES;
				CLANG_WARN_INT_CONVERSION = YES;
				CLANG_WARN_NON_LITERAL_NULL_CONVERSION = YES;
				CLANG_WARN_OBJC_IMPLICIT_RETAIN_SELF = YES;
				CLANG_WARN_OBJC_LITERAL_CONVERSION = YES;
				CLANG_WARN_OBJC_ROOT_CLASS = YES_ERROR;
				CLANG_WARN_RANGE_LOOP_ANALYSIS = YES;
				CLANG_WARN_STRICT_PROTOTYPES = YES;
				CLANG_WARN_SUSPICIOUS_MOVE = YES;
				CLANG_WARN_UNGUARDED_AVAILABILITY = YES_AGGRESSIVE;
				CLANG_WARN_UNREACHABLE_CODE = YES;
				CLANG_WARN__DUPLICATE_METHOD_MATCH = YES;
				COPY_PHASE_STRIP = NO;
				DEBUG_INFORMATION_FORMAT = dwarf;
				ENABLE_STRICT_OBJC_MSGSEND = YES;
				ENABLE_TESTABILITY = YES;
				GCC_C_LANGUAGE_STANDARD = gnu11;
				GCC_DYNAMIC_NO_PIC = NO;
				GCC_NO_COMMON_BLOCKS = YES;
				GCC_OPTIMIZATION_LEVEL = 0;
				GCC_PREPROCESSOR_DEFINITIONS = (
					"DEBUG=1",
					"$(inherited)",
				);
				GCC_WARN_64_TO_32_BIT_CONVERSION = YES;
				GCC_WARN_ABOUT_RETURN_TYPE = YES_ERROR;
				GCC_WARN_UNDECLARED_SELECTOR = YES;
				GCC_WARN_UNINITIALIZED_AUTOS = YES_AGGRESSIVE;
				GCC_WARN_UNUSED_FUNCTION = YES;
				GCC_WARN_UNUSED_VARIABLE = YES;
				IPHONEOS_DEPLOYMENT_TARGET = 13.2;
				MTL_ENABLE_DEBUG_INFO = INCLUDE_SOURCE;
				MTL_FAST_MATH = YES;
				ONLY_ACTIVE_ARCH = YES;
				SDKROOT = iphoneos;
				SWIFT_ACTIVE_COMPILATION_CONDITIONS = DEBUG;
				SWIFT_OPTIMIZATION_LEVEL = "-Onone";
			};
			name = Debug;
		};
		057E0D9B2410F2D500581C48 /* Release */ = {
			isa = XCBuildConfiguration;
			buildSettings = {
				ALWAYS_SEARCH_USER_PATHS = NO;
				CLANG_ANALYZER_NONNULL = YES;
				CLANG_ANALYZER_NUMBER_OBJECT_CONVERSION = YES_AGGRESSIVE;
				CLANG_CXX_LANGUAGE_STANDARD = "gnu++14";
				CLANG_CXX_LIBRARY = "libc++";
				CLANG_ENABLE_MODULES = YES;
				CLANG_ENABLE_OBJC_ARC = YES;
				CLANG_ENABLE_OBJC_WEAK = YES;
				CLANG_WARN_BLOCK_CAPTURE_AUTORELEASING = YES;
				CLANG_WARN_BOOL_CONVERSION = YES;
				CLANG_WARN_COMMA = YES;
				CLANG_WARN_CONSTANT_CONVERSION = YES;
				CLANG_WARN_DEPRECATED_OBJC_IMPLEMENTATIONS = YES;
				CLANG_WARN_DIRECT_OBJC_ISA_USAGE = YES_ERROR;
				CLANG_WARN_DOCUMENTATION_COMMENTS = YES;
				CLANG_WARN_EMPTY_BODY = YES;
				CLANG_WARN_ENUM_CONVERSION = YES;
				CLANG_WARN_INFINITE_RECURSION = YES;
				CLANG_WARN_INT_CONVERSION = YES;
				CLANG_WARN_NON_LITERAL_NULL_CONVERSION = YES;
				CLANG_WARN_OBJC_IMPLICIT_RETAIN_SELF = YES;
				CLANG_WARN_OBJC_LITERAL_CONVERSION = YES;
				CLANG_WARN_OBJC_ROOT_CLASS = YES_ERROR;
				CLANG_WARN_RANGE_LOOP_ANALYSIS = YES;
				CLANG_WARN_STRICT_PROTOTYPES = YES;
				CLANG_WARN_SUSPICIOUS_MOVE = YES;
				CLANG_WARN_UNGUARDED_AVAILABILITY = YES_AGGRESSIVE;
				CLANG_WARN_UNREACHABLE_CODE = YES;
				CLANG_WARN__DUPLICATE_METHOD_MATCH = YES;
				COPY_PHASE_STRIP = NO;
				DEBUG_INFORMATION_FORMAT = "dwarf-with-dsym";
				ENABLE_NS_ASSERTIONS = NO;
				ENABLE_STRICT_OBJC_MSGSEND = YES;
				GCC_C_LANGUAGE_STANDARD = gnu11;
				GCC_NO_COMMON_BLOCKS = YES;
				GCC_WARN_64_TO_32_BIT_CONVERSION = YES;
				GCC_WARN_ABOUT_RETURN_TYPE = YES_ERROR;
				GCC_WARN_UNDECLARED_SELECTOR = YES;
				GCC_WARN_UNINITIALIZED_AUTOS = YES_AGGRESSIVE;
				GCC_WARN_UNUSED_FUNCTION = YES;
				GCC_WARN_UNUSED_VARIABLE = YES;
				IPHONEOS_DEPLOYMENT_TARGET = 13.2;
				MTL_ENABLE_DEBUG_INFO = NO;
				MTL_FAST_MATH = YES;
				SDKROOT = iphoneos;
				SWIFT_COMPILATION_MODE = wholemodule;
				SWIFT_OPTIMIZATION_LEVEL = "-O";
				VALIDATE_PRODUCT = YES;
			};
			name = Release;
		};
		057E0D9D2410F2D500581C48 /* Debug */ = {
			isa = XCBuildConfiguration;
			buildSettings = {
				ASSETCATALOG_COMPILER_APPICON_NAME = AppIcon;
				CODE_SIGN_STYLE = Automatic;
				INFOPLIST_FILE = Landmark/Info.plist;
				LD_RUNPATH_SEARCH_PATHS = (
					"$(inherited)",
					"@executable_path/Frameworks",
				);
				PRODUCT_BUNDLE_IDENTIFIER = com.emveep.Landmark;
				PRODUCT_NAME = "$(TARGET_NAME)";
				SWIFT_VERSION = 5.0;
				TARGETED_DEVICE_FAMILY = "1,2";
			};
			name = Debug;
		};
		057E0D9E2410F2D500581C48 /* Release */ = {
			isa = XCBuildConfiguration;
			buildSettings = {
				ASSETCATALOG_COMPILER_APPICON_NAME = AppIcon;
				CODE_SIGN_STYLE = Automatic;
				INFOPLIST_FILE = Landmark/Info.plist;
				LD_RUNPATH_SEARCH_PATHS = (
					"$(inherited)",
					"@executable_path/Frameworks",
				);
				PRODUCT_BUNDLE_IDENTIFIER = com.emveep.Landmark;
				PRODUCT_NAME = "$(TARGET_NAME)";
				SWIFT_VERSION = 5.0;
				TARGETED_DEVICE_FAMILY = "1,2";
			};
			name = Release;
		};
		057E0DA02410F2D500581C48 /* Debug */ = {
			isa = XCBuildConfiguration;
			buildSettings = {
				ALWAYS_EMBED_SWIFT_STANDARD_LIBRARIES = YES;
				BUNDLE_LOADER = "$(TEST_HOST)";
				CODE_SIGN_STYLE = Automatic;
				INFOPLIST_FILE = LandmarkTests/Info.plist;
				IPHONEOS_DEPLOYMENT_TARGET = 13.2;
				LD_RUNPATH_SEARCH_PATHS = (
					"$(inherited)",
					"@executable_path/Frameworks",
					"@loader_path/Frameworks",
				);
				PRODUCT_BUNDLE_IDENTIFIER = com.emveep.LandmarkTests;
				PRODUCT_NAME = "$(TARGET_NAME)";
				SWIFT_VERSION = 5.0;
				TARGETED_DEVICE_FAMILY = "1,2";
				TEST_HOST = "$(BUILT_PRODUCTS_DIR)/Landmark.app/Landmark";
			};
			name = Debug;
		};
		057E0DA12410F2D500581C48 /* Release */ = {
			isa = XCBuildConfiguration;
			buildSettings = {
				ALWAYS_EMBED_SWIFT_STANDARD_LIBRARIES = YES;
				BUNDLE_LOADER = "$(TEST_HOST)";
				CODE_SIGN_STYLE = Automatic;
				INFOPLIST_FILE = LandmarkTests/Info.plist;
				IPHONEOS_DEPLOYMENT_TARGET = 13.2;
				LD_RUNPATH_SEARCH_PATHS = (
					"$(inherited)",
					"@executable_path/Frameworks",
					"@loader_path/Frameworks",
				);
				PRODUCT_BUNDLE_IDENTIFIER = com.emveep.LandmarkTests;
				PRODUCT_NAME = "$(TARGET_NAME)";
				SWIFT_VERSION = 5.0;
				TARGETED_DEVICE_FAMILY = "1,2";
				TEST_HOST = "$(BUILT_PRODUCTS_DIR)/Landmark.app/Landmark";
			};
			name = Release;
		};
		057E0DA32410F2D500581C48 /* Debug */ = {
			isa = XCBuildConfiguration;
			buildSettings = {
				ALWAYS_EMBED_SWIFT_STANDARD_LIBRARIES = YES;
				CODE_SIGN_STYLE = Automatic;
				INFOPLIST_FILE = LandmarkUITests/Info.plist;
				LD_RUNPATH_SEARCH_PATHS = (
					"$(inherited)",
					"@executable_path/Frameworks",
					"@loader_path/Frameworks",
				);
				PRODUCT_BUNDLE_IDENTIFIER = com.emveep.LandmarkUITests;
				PRODUCT_NAME = "$(TARGET_NAME)";
				SWIFT_VERSION = 5.0;
				TARGETED_DEVICE_FAMILY = "1,2";
				TEST_TARGET_NAME = Landmark;
			};
			name = Debug;
		};
		057E0DA42410F2D500581C48 /* Release */ = {
			isa = XCBuildConfiguration;
			buildSettings = {
				ALWAYS_EMBED_SWIFT_STANDARD_LIBRARIES = YES;
				CODE_SIGN_STYLE = Automatic;
				INFOPLIST_FILE = LandmarkUITests/Info.plist;
				LD_RUNPATH_SEARCH_PATHS = (
					"$(inherited)",
					"@executable_path/Frameworks",
					"@loader_path/Frameworks",
				);
				PRODUCT_BUNDLE_IDENTIFIER = com.emveep.LandmarkUITests;
				PRODUCT_NAME = "$(TARGET_NAME)";
				SWIFT_VERSION = 5.0;
				TARGETED_DEVICE_FAMILY = "1,2";
				TEST_TARGET_NAME = Landmark;
			};
			name = Release;
		};
/* End XCBuildConfiguration section */

/* Begin XCConfigurationList section */
		057E0D6D2410F2D100581C48 /* Build configuration list for PBXProject "Landmark" */ = {
			isa = XCConfigurationList;
			buildConfigurations = (
				057E0D9A2410F2D500581C48 /* Debug */,
				057E0D9B2410F2D500581C48 /* Release */,
			);
			defaultConfigurationIsVisible = 0;
			defaultConfigurationName = Release;
		};
		057E0D9C2410F2D500581C48 /* Build configuration list for PBXNativeTarget "Landmark" */ = {
			isa = XCConfigurationList;
			buildConfigurations = (
				057E0D9D2410F2D500581C48 /* Debug */,
				057E0D9E2410F2D500581C48 /* Release */,
			);
			defaultConfigurationIsVisible = 0;
			defaultConfigurationName = Release;
		};
		057E0D9F2410F2D500581C48 /* Build configuration list for PBXNativeTarget "LandmarkTests" */ = {
			isa = XCConfigurationList;
			buildConfigurations = (
				057E0DA02410F2D500581C48 /* Debug */,
				057E0DA12410F2D500581C48 /* Release */,
			);
			defaultConfigurationIsVisible = 0;
			defaultConfigurationName = Release;
		};
		057E0DA22410F2D500581C48 /* Build configuration list for PBXNativeTarget "LandmarkUITests" */ = {
			isa = XCConfigurationList;
			buildConfigurations = (
				057E0DA32410F2D500581C48 /* Debug */,
				057E0DA42410F2D500581C48 /* Release */,
			);
			defaultConfigurationIsVisible = 0;
			defaultConfigurationName = Release;
		};
/* End XCConfigurationList section */
	};
	rootObject = 057E0D6A2410F2D100581C48 /* Project object */;
}
